
Microsoft Visual Studio Solution File, Format Version 12.00
# Visual Studio 15
VisualStudioVersion = 15.0.27428.2015
MinimumVisualStudioVersion = 10.0.40219.1
Project("{FAE04EC0-301F-11D3-BF4B-00C04F79EFBC}") = "DocumentEncrypter", "DocumentEncrypter\DocumentEncrypter.csproj", "{093F8143-B197-4593-AD75-AEC6E1C6A8C7}"
EndProject
Project("{FAE04EC0-301F-11D3-BF4B-00C04F79EFBC}") = "DocumentEncrypter.App", "DocumentEncrypter.App\DocumentEncrypter.App.csproj", "{22A00B25-3677-4E78-BE33-DF807C26D858}"
EndProject
Global
	GlobalSection(SolutionConfigurationPlatforms) = preSolution
		Debug|Any CPU = Debug|Any CPU
		Release|Any CPU = Release|Any CPU
	EndGlobalSection
	GlobalSection(ProjectConfigurationPlatforms) = postSolution
		{093F8143-B197-4593-AD75-AEC6E1C6A8C7}.Debug|Any CPU.ActiveCfg = Debug|Any CPU
		{093F8143-B197-4593-AD75-AEC6E1C6A8C7}.Debug|Any CPU.Build.0 = Debug|Any CPU
		{093F8143-B197-4593-AD75-AEC6E1C6A8C7}.Release|Any CPU.ActiveCfg = Release|Any CPU
		{093F8143-B197-4593-AD75-AEC6E1C6A8C7}.Release|Any CPU.Build.0 = Release|Any CPU
		{22A00B25-3677-4E78-BE33-DF807C26D858}.Debug|Any CPU.ActiveCfg = Debug|Any CPU
		{22A00B25-3677-4E78-BE33-DF807C26D858}.Debug|Any CPU.Build.0 = Debug|Any CPU
		{22A00B25-3677-4E78-BE33-DF807C26D858}.Release|Any CPU.ActiveCfg = Release|Any CPU
		{22A00B25-3677-4E78-BE33-DF807C26D858}.Release|Any CPU.Build.0 = Release|Any CPU
	EndGlobalSection
	GlobalSection(SolutionProperties) = preSolution
		HideSolutionNode = FALSE
	EndGlobalSection
	GlobalSection(ExtensibilityGlobals) = postSolution
		SolutionGuid = {EDD4B036-2156-4D6F-852C-68F94AEE86D3}
	EndGlobalSection
EndGlobal
